
Microsoft Visual Studio Solution File, Format Version 12.00
# Visual Studio Version 17
VisualStudioVersion = 17.9.34616.47
MinimumVisualStudioVersion = 10.0.40219.1
Project("{FAE04EC0-301F-11D3-BF4B-00C04F79EFBC}") = "ThreadsCS", "ThreadsCS\ThreadsCS.csproj", "{82D45C9B-B0FF-4200-A5B3-DEEA954A4D9B}"
EndProject
Global
	GlobalSection(SolutionConfigurationPlatforms) = preSolution
		Debug|Any CPU = Debug|Any CPU
		Release|Any CPU = Release|Any CPU
	EndGlobalSection
	GlobalSection(ProjectConfigurationPlatforms) = postSolution
		{82D45C9B-B0FF-4200-A5B3-DEEA954A4D9B}.Debug|Any CPU.ActiveCfg = Debug|Any CPU
		{82D45C9B-B0FF-4200-A5B3-DEEA954A4D9B}.Debug|Any CPU.Build.0 = Debug|Any CPU
		{82D45C9B-B0FF-4200-A5B3-DEEA954A4D9B}.Release|Any CPU.ActiveCfg = Release|Any CPU
		{82D45C9B-B0FF-4200-A5B3-DEEA954A4D9B}.Release|Any CPU.Build.0 = Release|Any CPU
	EndGlobalSection
	GlobalSection(SolutionProperties) = preSolution
		HideSolutionNode = FALSE
	EndGlobalSection
	GlobalSection(ExtensibilityGlobals) = postSolution
		SolutionGuid = {98D7109E-8C3D-4E5C-9820-40AF4863CB8C}
	EndGlobalSection
EndGlobal
